
Microsoft Visual Studio Solution File, Format Version 12.00
# Visual Studio Version 17
VisualStudioVersion = 17.2.32630.192
MinimumVisualStudioVersion = 10.0.40219.1
Project("{9A19103F-16F7-4668-BE54-9A1E7A4F7556}") = "LeetCode.Solutions", "LeetCode.Solutions\LeetCode.Solutions.csproj", "{51483B66-B8B9-4A12-938C-C0015B63FC2C}"
EndProject
Project("{9A19103F-16F7-4668-BE54-9A1E7A4F7556}") = "LeetCode.Solutions.Tests", "LeetCode.Solutions.Tests\LeetCode.Solutions.Tests.csproj", "{D429D344-C676-40D5-A65D-14A40F7DA3FB}"
EndProject
Project("{FAE04EC0-301F-11D3-BF4B-00C04F79EFBC}") = "DebugSolutionRunner", "DebugSolutionRunner\DebugSolutionRunner.csproj", "{A5A1665D-E6DD-47D6-B889-103C6E1CE0DE}"
EndProject
Project("{FAE04EC0-301F-11D3-BF4B-00C04F79EFBC}") = "LeetCode.Learning", "LeetCode.Learning\LeetCode.Learning.csproj", "{903D47A9-8CC1-4F9E-AFD5-9C544882EFE8}"
EndProject
Project("{FAE04EC0-301F-11D3-BF4B-00C04F79EFBC}") = "LeetCode.Learning.Tests", "LeetCode.Learning.Tests\LeetCode.Learning.Tests.csproj", "{3685F047-675E-4399-9D48-08F6020B8CFD}"
EndProject
Global
	GlobalSection(SolutionConfigurationPlatforms) = preSolution
		Debug|Any CPU = Debug|Any CPU
		Release|Any CPU = Release|Any CPU
	EndGlobalSection
	GlobalSection(ProjectConfigurationPlatforms) = postSolution
		{51483B66-B8B9-4A12-938C-C0015B63FC2C}.Debug|Any CPU.ActiveCfg = Debug|Any CPU
		{51483B66-B8B9-4A12-938C-C0015B63FC2C}.Debug|Any CPU.Build.0 = Debug|Any CPU
		{51483B66-B8B9-4A12-938C-C0015B63FC2C}.Release|Any CPU.ActiveCfg = Release|Any CPU
		{51483B66-B8B9-4A12-938C-C0015B63FC2C}.Release|Any CPU.Build.0 = Release|Any CPU
		{D429D344-C676-40D5-A65D-14A40F7DA3FB}.Debug|Any CPU.ActiveCfg = Debug|Any CPU
		{D429D344-C676-40D5-A65D-14A40F7DA3FB}.Debug|Any CPU.Build.0 = Debug|Any CPU
		{D429D344-C676-40D5-A65D-14A40F7DA3FB}.Release|Any CPU.ActiveCfg = Release|Any CPU
		{D429D344-C676-40D5-A65D-14A40F7DA3FB}.Release|Any CPU.Build.0 = Release|Any CPU
		{A5A1665D-E6DD-47D6-B889-103C6E1CE0DE}.Debug|Any CPU.ActiveCfg = Debug|Any CPU
		{A5A1665D-E6DD-47D6-B889-103C6E1CE0DE}.Debug|Any CPU.Build.0 = Debug|Any CPU
		{A5A1665D-E6DD-47D6-B889-103C6E1CE0DE}.Release|Any CPU.ActiveCfg = Release|Any CPU
		{A5A1665D-E6DD-47D6-B889-103C6E1CE0DE}.Release|Any CPU.Build.0 = Release|Any CPU
		{903D47A9-8CC1-4F9E-AFD5-9C544882EFE8}.Debug|Any CPU.ActiveCfg = Debug|Any CPU
		{903D47A9-8CC1-4F9E-AFD5-9C544882EFE8}.Debug|Any CPU.Build.0 = Debug|Any CPU
		{903D47A9-8CC1-4F9E-AFD5-9C544882EFE8}.Release|Any CPU.ActiveCfg = Release|Any CPU
		{903D47A9-8CC1-4F9E-AFD5-9C544882EFE8}.Release|Any CPU.Build.0 = Release|Any CPU
		{3685F047-675E-4399-9D48-08F6020B8CFD}.Debug|Any CPU.ActiveCfg = Debug|Any CPU
		{3685F047-675E-4399-9D48-08F6020B8CFD}.Debug|Any CPU.Build.0 = Debug|Any CPU
		{3685F047-675E-4399-9D48-08F6020B8CFD}.Release|Any CPU.ActiveCfg = Release|Any CPU
		{3685F047-675E-4399-9D48-08F6020B8CFD}.Release|Any CPU.Build.0 = Release|Any CPU
	EndGlobalSection
	GlobalSection(SolutionProperties) = preSolution
		HideSolutionNode = FALSE
	EndGlobalSection
	GlobalSection(ExtensibilityGlobals) = postSolution
		SolutionGuid = {1463AA98-BEE3-4341-AB71-F77F97955D6D}
	EndGlobalSection
EndGlobal
