
Microsoft Visual Studio Solution File, Format Version 12.00
# Visual Studio 15
VisualStudioVersion = 15.0.28307.572
MinimumVisualStudioVersion = 10.0.40219.1
Project("{FAE04EC0-301F-11D3-BF4B-00C04F79EFBC}") = "LeetCode.Solutions", "LeetCode.Solutions\LeetCode.Solutions.csproj", "{51483B66-B8B9-4A12-938C-C0015B63FC2C}"
EndProject
Project("{FAE04EC0-301F-11D3-BF4B-00C04F79EFBC}") = "LeetCode.Solutions.Tests", "LeetCode.Solutions.Tests\LeetCode.Solutions.Tests.csproj", "{D429D344-C676-40D5-A65D-14A40F7DA3FB}"
EndProject
Global
	GlobalSection(SolutionConfigurationPlatforms) = preSolution
		Debug|Any CPU = Debug|Any CPU
		Release|Any CPU = Release|Any CPU
	EndGlobalSection
	GlobalSection(ProjectConfigurationPlatforms) = postSolution
		{51483B66-B8B9-4A12-938C-C0015B63FC2C}.Debug|Any CPU.ActiveCfg = Debug|Any CPU
		{51483B66-B8B9-4A12-938C-C0015B63FC2C}.Debug|Any CPU.Build.0 = Debug|Any CPU
		{51483B66-B8B9-4A12-938C-C0015B63FC2C}.Release|Any CPU.ActiveCfg = Release|Any CPU
		{51483B66-B8B9-4A12-938C-C0015B63FC2C}.Release|Any CPU.Build.0 = Release|Any CPU
		{D429D344-C676-40D5-A65D-14A40F7DA3FB}.Debug|Any CPU.ActiveCfg = Debug|Any CPU
		{D429D344-C676-40D5-A65D-14A40F7DA3FB}.Debug|Any CPU.Build.0 = Debug|Any CPU
		{D429D344-C676-40D5-A65D-14A40F7DA3FB}.Release|Any CPU.ActiveCfg = Release|Any CPU
		{D429D344-C676-40D5-A65D-14A40F7DA3FB}.Release|Any CPU.Build.0 = Release|Any CPU
	EndGlobalSection
	GlobalSection(SolutionProperties) = preSolution
		HideSolutionNode = FALSE
	EndGlobalSection
	GlobalSection(ExtensibilityGlobals) = postSolution
		SolutionGuid = {1463AA98-BEE3-4341-AB71-F77F97955D6D}
	EndGlobalSection
EndGlobal
